
Microsoft Visual Studio Solution File, Format Version 12.00
# Visual Studio Version 17
VisualStudioVersion = 17.14.36408.4 d17.14
MinimumVisualStudioVersion = 10.0.40219.1
Project("{FAE04EC0-301F-11D3-BF4B-00C04F79EFBC}") = "myconsole", "myconsole\myconsole.csproj", "{3230FC6C-6C01-44BF-A166-182C9CA945B5}"
EndProject
Global
	GlobalSection(SolutionConfigurationPlatforms) = preSolution
		Debug|Any CPU = Debug|Any CPU
		Release|Any CPU = Release|Any CPU
	EndGlobalSection
	GlobalSection(ProjectConfigurationPlatforms) = postSolution
		{3230FC6C-6C01-44BF-A166-182C9CA945B5}.Debug|Any CPU.ActiveCfg = Debug|Any CPU
		{3230FC6C-6C01-44BF-A166-182C9CA945B5}.Debug|Any CPU.Build.0 = Debug|Any CPU
		{3230FC6C-6C01-44BF-A166-182C9CA945B5}.Release|Any CPU.ActiveCfg = Release|Any CPU
		{3230FC6C-6C01-44BF-A166-182C9CA945B5}.Release|Any CPU.Build.0 = Release|Any CPU
	EndGlobalSection
	GlobalSection(SolutionProperties) = preSolution
		HideSolutionNode = FALSE
	EndGlobalSection
	GlobalSection(ExtensibilityGlobals) = postSolution
		SolutionGuid = {C2191A3F-8C60-471A-9F5D-F50C293E81EF}
	EndGlobalSection
EndGlobal
